<?xml version="1.0" encoding="utf-8"?>
<Project ToolsVersion="4.0" xmlns="http://schemas.microsoft.com/developer/msbuild/2003">
  <ItemGroup>
    <Filter Include="소스 파일">
      <UniqueIdentifier>{4FC737F1-C7A5-4376-A066-2A32D752A2FF}</UniqueIdentifier>
      <Extensions>cpp;c;cc;cxx;c++;cppm;ixx;def;odl;idl;hpj;bat;asm;asmx</Extensions>
    </Filter>
    <Filter Include="헤더 파일">
      <UniqueIdentifier>{93995380-89BD-4b04-88EB-625FBE52EBFB}</UniqueIdentifier>
      <Extensions>h;hh;hpp;hxx;h++;hm;inl;inc;ipp;xsd</Extensions>
    </Filter>
    <Filter Include="리소스 파일">
      <UniqueIdentifier>{67DA6AB6-F800-4c08-8B7A-83BB121AAD01}</UniqueIdentifier>
      <Extensions>rc;ico;cur;bmp;dlg;rc2;rct;bin;rgs;gif;jpg;jpeg;jpe;resx;tiff;tif;png;wav;mfcribbon-ms</Extensions>
    </Filter>
  </ItemGroup>
  <ItemGroup>
    <ClInclude Include="main.h">
      <Filter>헤더 파일</Filter>
    </ClInclude>
    <ClInclude Include="source\shader\baseshaderclass.h">
      <Filter>헤더 파일</Filter>
    </ClInclude>
    <ClInclude Include="source\shader\cartoonshaderclass.h">
      <Filter>헤더 파일</Filter>
    </ClInclude>
    <ClInclude Include="source\shader\colorshaderclass.h">
      <Filter>헤더 파일</Filter>
    </ClInclude>
    <ClInclude Include="source\shader\lightshaderclass.h">
      <Filter>헤더 파일</Filter>
    </ClInclude>
    <ClInclude Include="source\shader\baseshaderinput.h">
      <Filter>헤더 파일</Filter>
    </ClInclude>
    <ClInclude Include="source\shader\cartoonshaderinput.h">
      <Filter>헤더 파일</Filter>
    </ClInclude>
    <ClInclude Include="source\model\bitmapclass.h">
      <Filter>헤더 파일</Filter>
    </ClInclude>
    <ClInclude Include="source\model\modelclass.h">
      <Filter>헤더 파일</Filter>
    </ClInclude>
    <ClInclude Include="include\framework\applicationclass.h">
      <Filter>헤더 파일</Filter>
    </ClInclude>
    <ClInclude Include="include\shader\baseshaderclass.h">
      <Filter>헤더 파일</Filter>
    </ClInclude>
    <ClInclude Include="include\shader\baseshaderinput.h">
      <Filter>헤더 파일</Filter>
    </ClInclude>
    <ClInclude Include="include\shader\cartoonshaderclass.h">
      <Filter>헤더 파일</Filter>
    </ClInclude>
    <ClInclude Include="include\shader\cartoonshaderinput.h">
      <Filter>헤더 파일</Filter>
    </ClInclude>
    <ClInclude Include="include\shader\colorshaderclass.h">
      <Filter>헤더 파일</Filter>
    </ClInclude>
    <ClInclude Include="include\shader\lightshaderclass.h">
      <Filter>헤더 파일</Filter>
    </ClInclude>
    <ClInclude Include="include\model\bitmapclass.h">
      <Filter>헤더 파일</Filter>
    </ClInclude>
    <ClInclude Include="include\model\modelclass.h">
      <Filter>헤더 파일</Filter>
    </ClInclude>
    <ClInclude Include="include\shader\textureshaderclass.h">
      <Filter>헤더 파일</Filter>
    </ClInclude>
    <ClInclude Include="include\light\lightclass.h">
      <Filter>헤더 파일</Filter>
    </ClInclude>
    <ClInclude Include="include\light\pointlightclass.h">
      <Filter>헤더 파일</Filter>
    </ClInclude>
    <ClInclude Include="include\utility\tiny_gltf.h">
      <Filter>헤더 파일</Filter>
    </ClInclude>
    <ClInclude Include="include\utility\stb_image_write.h">
      <Filter>헤더 파일</Filter>
    </ClInclude>
    <ClInclude Include="include\utility\stb_image.h">
      <Filter>헤더 파일</Filter>
    </ClInclude>
    <ClInclude Include="include\utility\objectparser.h">
      <Filter>헤더 파일</Filter>
    </ClInclude>
    <ClInclude Include="include\utility\json.hpp">
      <Filter>헤더 파일</Filter>
    </ClInclude>
    <ClInclude Include="include\framework\d3dclass.h">
      <Filter>헤더 파일</Filter>
    </ClInclude>
    <ClInclude Include="include\framework\inputclass.h">
      <Filter>헤더 파일</Filter>
    </ClInclude>
    <ClInclude Include="include\framework\systemclass.h">
      <Filter>헤더 파일</Filter>
    </ClInclude>
    <ClInclude Include="include\camera\cameraclass.h">
      <Filter>헤더 파일</Filter>
    </ClInclude>
    <ClInclude Include="include\texture\textureclass.h">
      <Filter>헤더 파일</Filter>
    </ClInclude>
    <ClInclude Include="include\shader\bitmapshaderclass.h">
      <Filter>헤더 파일</Filter>
    </ClInclude>
    <ClInclude Include="include\shader\bitmapshaderinput.h">
      <Filter>헤더 파일</Filter>
    </ClInclude>
    <ClInclude Include="include\model\spriteclass.h">
      <Filter>헤더 파일</Filter>
    </ClInclude>
    <ClInclude Include="include\shader\normaldepthshaderclass.h">
      <Filter>헤더 파일</Filter>
    </ClInclude>
    <ClInclude Include="include\shader\gbuffershaderclass.h">
      <Filter>헤더 파일</Filter>
    </ClInclude>
    <ClInclude Include="include\font\fontclass.h">
      <Filter>헤더 파일</Filter>
    </ClInclude>
    <ClInclude Include="include\model\textclass.h">
      <Filter>헤더 파일</Filter>
    </ClInclude>
  </ItemGroup>
  <ItemGroup>
    <ClCompile Include="main.cpp">
      <Filter>소스 파일</Filter>
    </ClCompile>
    <ClCompile Include="source\framework\applicationclass.cpp">
      <Filter>소스 파일</Filter>
    </ClCompile>
    <ClCompile Include="source\shader\baseshaderclass.cpp">
      <Filter>소스 파일</Filter>
    </ClCompile>
    <ClCompile Include="source\shader\cartoonshaderclass.cpp">
      <Filter>소스 파일</Filter>
    </ClCompile>
    <ClCompile Include="source\shader\colorshaderclass.cpp">
      <Filter>소스 파일</Filter>
    </ClCompile>
    <ClCompile Include="source\shader\lightshader.cpp">
      <Filter>소스 파일</Filter>
    </ClCompile>
    <ClCompile Include="source\model\bitmapclass.cpp">
      <Filter>소스 파일</Filter>
    </ClCompile>
    <ClCompile Include="source\model\modelclass.cpp">
      <Filter>소스 파일</Filter>
    </ClCompile>
    <ClCompile Include="source\shader\textureshaderclass.cpp">
      <Filter>소스 파일</Filter>
    </ClCompile>
    <ClCompile Include="source\light\pointlightclass.cpp">
      <Filter>소스 파일</Filter>
    </ClCompile>
    <ClCompile Include="source\light\lightclass.cpp">
      <Filter>소스 파일</Filter>
    </ClCompile>
    <ClCompile Include="source\utility\objectparser.cpp">
      <Filter>소스 파일</Filter>
    </ClCompile>
    <ClCompile Include="source\framework\d3dclass.cpp">
      <Filter>소스 파일</Filter>
    </ClCompile>
    <ClCompile Include="source\framework\inputclass.cpp">
      <Filter>소스 파일</Filter>
    </ClCompile>
    <ClCompile Include="source\framework\systemclass.cpp">
      <Filter>소스 파일</Filter>
    </ClCompile>
    <ClCompile Include="source\camera\cameraclass.cpp">
      <Filter>소스 파일</Filter>
    </ClCompile>
    <ClCompile Include="source\texture\textureclass.cpp">
      <Filter>소스 파일</Filter>
    </ClCompile>
    <ClCompile Include="source\shader\bitmapshaderclass.cpp">
      <Filter>소스 파일</Filter>
    </ClCompile>
    <ClCompile Include="source\model\spriteclass.cpp">
      <Filter>소스 파일</Filter>
    </ClCompile>
    <ClCompile Include="source\shader\normaldepthshaderclass.cpp">
      <Filter>소스 파일</Filter>
    </ClCompile>
    <ClCompile Include="source\shader\gbuffershaderclass.cpp">
      <Filter>소스 파일</Filter>
    </ClCompile>
    <ClCompile Include="source\font\fontclass.cpp">
      <Filter>소스 파일</Filter>
    </ClCompile>
    <ClCompile Include="source\model\textclass.cpp">
      <Filter>소스 파일</Filter>
    </ClCompile>
  </ItemGroup>
</Project>